
Microsoft Visual Studio Solution File, Format Version 12.00
# Visual Studio Version 17
VisualStudioVersion = 17.10.35122.118
MinimumVisualStudioVersion = 10.0.40219.1
Project("{FAE04EC0-301F-11D3-BF4B-00C04F79EFBC}") = "ExercicioProposto_SET", "ExercicioProposto_SET\ExercicioProposto_SET.csproj", "{7B039C90-30DE-428C-84CA-164BF7073FB4}"
EndProject
Global
	GlobalSection(SolutionConfigurationPlatforms) = preSolution
		Debug|Any CPU = Debug|Any CPU
		Release|Any CPU = Release|Any CPU
	EndGlobalSection
	GlobalSection(ProjectConfigurationPlatforms) = postSolution
		{7B039C90-30DE-428C-84CA-164BF7073FB4}.Debug|Any CPU.ActiveCfg = Debug|Any CPU
		{7B039C90-30DE-428C-84CA-164BF7073FB4}.Debug|Any CPU.Build.0 = Debug|Any CPU
		{7B039C90-30DE-428C-84CA-164BF7073FB4}.Release|Any CPU.ActiveCfg = Release|Any CPU
		{7B039C90-30DE-428C-84CA-164BF7073FB4}.Release|Any CPU.Build.0 = Release|Any CPU
	EndGlobalSection
	GlobalSection(SolutionProperties) = preSolution
		HideSolutionNode = FALSE
	EndGlobalSection
	GlobalSection(ExtensibilityGlobals) = postSolution
		SolutionGuid = {9276490E-BCC8-4E5C-A2E9-129A70959FA9}
	EndGlobalSection
EndGlobal
